{
  "name": "app-interface",
  "version": "1.0.0",
  "lockfileVersion": 1,
  "requires": true,
  "dependencies": {
    "bootstrap": {
      "version": "4.4.1",
      "resolved": "https://registry.npmjs.org/bootstrap/-/bootstrap-4.4.1.tgz",
      "integrity": "sha512-tbx5cHubwE6e2ZG7nqM3g/FZ5PQEDMWmMGNrCUBVRPHXTJaH7CBDdsLeu3eCh3B1tzAxTnAbtmrzvWEvT2NNEA=="
    },
    "qrjs2": {
      "version": "0.1.7",
      "resolved": "https://registry.npmjs.org/qrjs2/-/qrjs2-0.1.7.tgz",
      "integrity": "sha512-W++Oe/3qkC8hASEy8Pjrz2mX8EzS99RHkkXeCz1VR82DLscvghO0NJJgawiVVIur5XZTCyL8UQqSCslBQwJB8Q=="
    },
    "simple-line-icons": {
      "version": "2.4.1",
      "resolved": "https://registry.npmjs.org/simple-line-icons/-/simple-line-icons-2.4.1.tgz",
      "integrity": "sha1-t1vFoNh+UwkowszaVzUnS7JW8jQ="
    },
    "typeface-lato": {
      "version": "0.0.75",
      "resolved": "https://registry.npmjs.org/typeface-lato/-/typeface-lato-0.0.75.tgz",
      "integrity": "sha512-iA5uJD4PSTyIE4BDiSOexQeXkDkiJuX4Hu3wh3saJ06EB2TvJayab1Lbbmqq2je/LQv7KCQZHZmC0k4hedd8sw=="
    },
    "typeface-libre-baskerville": {
      "version": "0.0.72",
      "resolved": "https://registry.npmjs.org/typeface-libre-baskerville/-/typeface-libre-baskerville-0.0.72.tgz",
      "integrity": "sha512-8eY5Tee80wNMfKCPYQguj2dODct+sQo3Et7meKOYklvaBRA1PK/DQnaNlYT+I85s1Z7PGUwBtZuG0yOIz4R9vg=="
    }
  }
}
