// !$*UTF8*$!
{
	archiveVersion = 1;
	classes = {
	};
	objectVersion = 50;
	objects = {

/* Begin PBXBuildFile section */
		293540B4241408BE00BD082D /* main.cpp in Sources */ = {isa = PBXBuildFile; fileRef = 293540B3241408BE00BD082D /* main.cpp */; };
		293540C224140C4D00BD082D /* frontend.cpp in Sources */ = {isa = PBXBuildFile; fileRef = 293540C024140C4D00BD082D /* frontend.cpp */; };
		2988660824145FA600E6329E /* WebKit.framework in Frameworks */ = {isa = PBXBuildFile; fileRef = 2988660324145F9300E6329E /* WebKit.framework */; };
		2988660924145FA600E6329E /* WebKit.framework in Embed Frameworks */ = {isa = PBXBuildFile; fileRef = 2988660324145F9300E6329E /* WebKit.framework */; settings = {ATTRIBUTES = (RemoveHeadersOnCopy, ); }; };
		29FCEA572416F1BE00BFCB11 /* webserver.cpp in Sources */ = {isa = PBXBuildFile; fileRef = 29FCEA562416F1BE00BFCB11 /* webserver.cpp */; };
/* End PBXBuildFile section */

/* Begin PBXCopyFilesBuildPhase section */
		293540AE241408BE00BD082D /* CopyFiles */ = {
			isa = PBXCopyFilesBuildPhase;
			buildActionMask = 2147483647;
			dstPath = /usr/share/man/man1/;
			dstSubfolderSpec = 0;
			files = (
			);
			runOnlyForDeploymentPostprocessing = 1;
		};
		2988660A24145FA600E6329E /* Embed Frameworks */ = {
			isa = PBXCopyFilesBuildPhase;
			buildActionMask = 2147483647;
			dstPath = "";
			dstSubfolderSpec = 10;
			files = (
				2988660924145FA600E6329E /* WebKit.framework in Embed Frameworks */,
			);
			name = "Embed Frameworks";
			runOnlyForDeploymentPostprocessing = 0;
		};
/* End PBXCopyFilesBuildPhase section */

/* Begin PBXFileReference section */
		293540B0241408BE00BD082D /* simple-live-streamer */ = {isa = PBXFileReference; explicitFileType = "compiled.mach-o.executable"; includeInIndex = 0; path = "simple-live-streamer"; sourceTree = BUILT_PRODUCTS_DIR; };
		293540B3241408BE00BD082D /* main.cpp */ = {isa = PBXFileReference; lastKnownFileType = sourcecode.cpp.cpp; path = main.cpp; sourceTree = "<group>"; };
		293540C024140C4D00BD082D /* frontend.cpp */ = {isa = PBXFileReference; lastKnownFileType = sourcecode.cpp.cpp; path = frontend.cpp; sourceTree = "<group>"; };
		293540C124140C4D00BD082D /* frontend.hpp */ = {isa = PBXFileReference; lastKnownFileType = sourcecode.cpp.h; path = frontend.hpp; sourceTree = "<group>"; };
		2988660324145F9300E6329E /* WebKit.framework */ = {isa = PBXFileReference; lastKnownFileType = wrapper.framework; name = WebKit.framework; path = System/Library/Frameworks/WebKit.framework; sourceTree = SDKROOT; };
		29FCEA552416F1BE00BFCB11 /* webserver.hpp */ = {isa = PBXFileReference; fileEncoding = 4; lastKnownFileType = sourcecode.cpp.h; path = webserver.hpp; sourceTree = "<group>"; };
		29FCEA562416F1BE00BFCB11 /* webserver.cpp */ = {isa = PBXFileReference; fileEncoding = 4; lastKnownFileType = sourcecode.cpp.cpp; path = webserver.cpp; sourceTree = "<group>"; };
/* End PBXFileReference section */

/* Begin PBXFrameworksBuildPhase section */
		293540AD241408BE00BD082D /* Frameworks */ = {
			isa = PBXFrameworksBuildPhase;
			buildActionMask = 2147483647;
			files = (
				2988660824145FA600E6329E /* WebKit.framework in Frameworks */,
			);
			runOnlyForDeploymentPostprocessing = 0;
		};
/* End PBXFrameworksBuildPhase section */

/* Begin PBXGroup section */
		293540A7241408BE00BD082D = {
			isa = PBXGroup;
			children = (
				293540B2241408BE00BD082D /* simple-live-streamer */,
				293540B1241408BE00BD082D /* Products */,
				2988660224145F9300E6329E /* Frameworks */,
			);
			sourceTree = "<group>";
		};
		293540B1241408BE00BD082D /* Products */ = {
			isa = PBXGroup;
			children = (
				293540B0241408BE00BD082D /* simple-live-streamer */,
			);
			name = Products;
			sourceTree = "<group>";
		};
		293540B2241408BE00BD082D /* simple-live-streamer */ = {
			isa = PBXGroup;
			children = (
				29FCEA582416F1CF00BFCB11 /* libs */,
				293540B3241408BE00BD082D /* main.cpp */,
				29FCEA562416F1BE00BFCB11 /* webserver.cpp */,
				29FCEA552416F1BE00BFCB11 /* webserver.hpp */,
				293540C024140C4D00BD082D /* frontend.cpp */,
				293540C124140C4D00BD082D /* frontend.hpp */,
			);
			path = "simple-live-streamer";
			sourceTree = "<group>";
		};
		2988660224145F9300E6329E /* Frameworks */ = {
			isa = PBXGroup;
			children = (
				2988660324145F9300E6329E /* WebKit.framework */,
			);
			name = Frameworks;
			sourceTree = "<group>";
		};
		29FCEA582416F1CF00BFCB11 /* libs */ = {
			isa = PBXGroup;
			children = (
				29FCEA5D2416F21400BFCB11 /* webview */,
			);
			path = libs;
			sourceTree = "<group>";
		};
		29FCEA5D2416F21400BFCB11 /* webview */ = {
			isa = PBXGroup;
			children = (
			);
			path = webview;
			sourceTree = "<group>";
		};
/* End PBXGroup section */

/* Begin PBXNativeTarget section */
		293540AF241408BE00BD082D /* simple-live-streamer */ = {
			isa = PBXNativeTarget;
			buildConfigurationList = 293540B7241408BE00BD082D /* Build configuration list for PBXNativeTarget "simple-live-streamer" */;
			buildPhases = (
				293540AC241408BE00BD082D /* Sources */,
				293540AD241408BE00BD082D /* Frameworks */,
				293540AE241408BE00BD082D /* CopyFiles */,
				2988660A24145FA600E6329E /* Embed Frameworks */,
			);
			buildRules = (
			);
			dependencies = (
			);
			name = "simple-live-streamer";
			productName = "simple-live-streamer";
			productReference = 293540B0241408BE00BD082D /* simple-live-streamer */;
			productType = "com.apple.product-type.tool";
		};
/* End PBXNativeTarget section */

/* Begin PBXProject section */
		293540A8241408BE00BD082D /* Project object */ = {
			isa = PBXProject;
			attributes = {
				LastUpgradeCheck = 1130;
				ORGANIZATIONNAME = "Andries Salm";
				TargetAttributes = {
					293540AF241408BE00BD082D = {
						CreatedOnToolsVersion = 11.3.1;
					};
				};
			};
			buildConfigurationList = 293540AB241408BE00BD082D /* Build configuration list for PBXProject "simple-live-streamer" */;
			compatibilityVersion = "Xcode 9.3";
			developmentRegion = en;
			hasScannedForEncodings = 0;
			knownRegions = (
				en,
				Base,
			);
			mainGroup = 293540A7241408BE00BD082D;
			productRefGroup = 293540B1241408BE00BD082D /* Products */;
			projectDirPath = "";
			projectRoot = "";
			targets = (
				293540AF241408BE00BD082D /* simple-live-streamer */,
			);
		};
/* End PBXProject section */

/* Begin PBXSourcesBuildPhase section */
		293540AC241408BE00BD082D /* Sources */ = {
			isa = PBXSourcesBuildPhase;
			buildActionMask = 2147483647;
			files = (
				293540C224140C4D00BD082D /* frontend.cpp in Sources */,
				293540B4241408BE00BD082D /* main.cpp in Sources */,
				29FCEA572416F1BE00BFCB11 /* webserver.cpp in Sources */,
			);
			runOnlyForDeploymentPostprocessing = 0;
		};
/* End PBXSourcesBuildPhase section */

/* Begin XCBuildConfiguration section */
		293540B5241408BE00BD082D /* Debug */ = {
			isa = XCBuildConfiguration;
			buildSettings = {
				ALWAYS_SEARCH_USER_PATHS = NO;
				CLANG_ANALYZER_NONNULL = YES;
				CLANG_ANALYZER_NUMBER_OBJECT_CONVERSION = YES_AGGRESSIVE;
				CLANG_CXX_LANGUAGE_STANDARD = "c++14";
				CLANG_CXX_LIBRARY = "libc++";
				CLANG_ENABLE_MODULES = YES;
				CLANG_ENABLE_OBJC_ARC = YES;
				CLANG_ENABLE_OBJC_WEAK = YES;
				CLANG_WARN_BLOCK_CAPTURE_AUTORELEASING = YES;
				CLANG_WARN_BOOL_CONVERSION = YES;
				CLANG_WARN_COMMA = YES;
				CLANG_WARN_CONSTANT_CONVERSION = YES;
				CLANG_WARN_DEPRECATED_OBJC_IMPLEMENTATIONS = YES;
				CLANG_WARN_DIRECT_OBJC_ISA_USAGE = YES_ERROR;
				CLANG_WARN_DOCUMENTATION_COMMENTS = YES;
				CLANG_WARN_EMPTY_BODY = YES;
				CLANG_WARN_ENUM_CONVERSION = YES;
				CLANG_WARN_INFINITE_RECURSION = YES;
				CLANG_WARN_INT_CONVERSION = YES;
				CLANG_WARN_NON_LITERAL_NULL_CONVERSION = YES;
				CLANG_WARN_OBJC_IMPLICIT_RETAIN_SELF = YES;
				CLANG_WARN_OBJC_LITERAL_CONVERSION = YES;
				CLANG_WARN_OBJC_ROOT_CLASS = YES_ERROR;
				CLANG_WARN_RANGE_LOOP_ANALYSIS = YES;
				CLANG_WARN_STRICT_PROTOTYPES = YES;
				CLANG_WARN_SUSPICIOUS_MOVE = YES;
				CLANG_WARN_UNGUARDED_AVAILABILITY = YES_AGGRESSIVE;
				CLANG_WARN_UNREACHABLE_CODE = YES;
				CLANG_WARN__DUPLICATE_METHOD_MATCH = YES;
				COPY_PHASE_STRIP = NO;
				DEBUG_INFORMATION_FORMAT = dwarf;
				ENABLE_STRICT_OBJC_MSGSEND = YES;
				ENABLE_TESTABILITY = YES;
				GCC_C_LANGUAGE_STANDARD = gnu11;
				GCC_DYNAMIC_NO_PIC = NO;
				GCC_NO_COMMON_BLOCKS = YES;
				GCC_OPTIMIZATION_LEVEL = 0;
				GCC_PREPROCESSOR_DEFINITIONS = (
					"DEBUG=1",
					"$(inherited)",
				);
				GCC_WARN_64_TO_32_BIT_CONVERSION = YES;
				GCC_WARN_ABOUT_RETURN_TYPE = YES_ERROR;
				GCC_WARN_UNDECLARED_SELECTOR = YES;
				GCC_WARN_UNINITIALIZED_AUTOS = YES_AGGRESSIVE;
				GCC_WARN_UNUSED_FUNCTION = YES;
				GCC_WARN_UNUSED_VARIABLE = YES;
				MACOSX_DEPLOYMENT_TARGET = 10.10;
				MTL_ENABLE_DEBUG_INFO = INCLUDE_SOURCE;
				MTL_FAST_MATH = YES;
				ONLY_ACTIVE_ARCH = YES;
				SDKROOT = macosx;
			};
			name = Debug;
		};
		293540B6241408BE00BD082D /* Release */ = {
			isa = XCBuildConfiguration;
			buildSettings = {
				ALWAYS_SEARCH_USER_PATHS = NO;
				CLANG_ANALYZER_NONNULL = YES;
				CLANG_ANALYZER_NUMBER_OBJECT_CONVERSION = YES_AGGRESSIVE;
				CLANG_CXX_LANGUAGE_STANDARD = "c++14";
				CLANG_CXX_LIBRARY = "libc++";
				CLANG_ENABLE_MODULES = YES;
				CLANG_ENABLE_OBJC_ARC = YES;
				CLANG_ENABLE_OBJC_WEAK = YES;
				CLANG_WARN_BLOCK_CAPTURE_AUTORELEASING = YES;
				CLANG_WARN_BOOL_CONVERSION = YES;
				CLANG_WARN_COMMA = YES;
				CLANG_WARN_CONSTANT_CONVERSION = YES;
				CLANG_WARN_DEPRECATED_OBJC_IMPLEMENTATIONS = YES;
				CLANG_WARN_DIRECT_OBJC_ISA_USAGE = YES_ERROR;
				CLANG_WARN_DOCUMENTATION_COMMENTS = YES;
				CLANG_WARN_EMPTY_BODY = YES;
				CLANG_WARN_ENUM_CONVERSION = YES;
				CLANG_WARN_INFINITE_RECURSION = YES;
				CLANG_WARN_INT_CONVERSION = YES;
				CLANG_WARN_NON_LITERAL_NULL_CONVERSION = YES;
				CLANG_WARN_OBJC_IMPLICIT_RETAIN_SELF = YES;
				CLANG_WARN_OBJC_LITERAL_CONVERSION = YES;
				CLANG_WARN_OBJC_ROOT_CLASS = YES_ERROR;
				CLANG_WARN_RANGE_LOOP_ANALYSIS = YES;
				CLANG_WARN_STRICT_PROTOTYPES = YES;
				CLANG_WARN_SUSPICIOUS_MOVE = YES;
				CLANG_WARN_UNGUARDED_AVAILABILITY = YES_AGGRESSIVE;
				CLANG_WARN_UNREACHABLE_CODE = YES;
				CLANG_WARN__DUPLICATE_METHOD_MATCH = YES;
				COPY_PHASE_STRIP = NO;
				DEBUG_INFORMATION_FORMAT = "dwarf-with-dsym";
				ENABLE_NS_ASSERTIONS = NO;
				ENABLE_STRICT_OBJC_MSGSEND = YES;
				GCC_C_LANGUAGE_STANDARD = gnu11;
				GCC_NO_COMMON_BLOCKS = YES;
				GCC_WARN_64_TO_32_BIT_CONVERSION = YES;
				GCC_WARN_ABOUT_RETURN_TYPE = YES_ERROR;
				GCC_WARN_UNDECLARED_SELECTOR = YES;
				GCC_WARN_UNINITIALIZED_AUTOS = YES_AGGRESSIVE;
				GCC_WARN_UNUSED_FUNCTION = YES;
				GCC_WARN_UNUSED_VARIABLE = YES;
				MACOSX_DEPLOYMENT_TARGET = 10.10;
				MTL_ENABLE_DEBUG_INFO = NO;
				MTL_FAST_MATH = YES;
				SDKROOT = macosx;
			};
			name = Release;
		};
		293540B8241408BE00BD082D /* Debug */ = {
			isa = XCBuildConfiguration;
			buildSettings = {
				CODE_SIGN_STYLE = Automatic;
				DEVELOPMENT_ASSET_PATHS = "";
				DEVELOPMENT_TEAM = 65AVNWLCFY;
				ENABLE_HARDENED_RUNTIME = YES;
				HEADER_SEARCH_PATHS = "";
				OTHER_LDFLAGS = "";
				PRODUCT_NAME = "$(TARGET_NAME)";
			};
			name = Debug;
		};
		293540B9241408BE00BD082D /* Release */ = {
			isa = XCBuildConfiguration;
			buildSettings = {
				CODE_SIGN_STYLE = Automatic;
				DEVELOPMENT_ASSET_PATHS = "";
				DEVELOPMENT_TEAM = 65AVNWLCFY;
				ENABLE_HARDENED_RUNTIME = YES;
				HEADER_SEARCH_PATHS = "";
				OTHER_LDFLAGS = "";
				PRODUCT_NAME = "$(TARGET_NAME)";
			};
			name = Release;
		};
/* End XCBuildConfiguration section */

/* Begin XCConfigurationList section */
		293540AB241408BE00BD082D /* Build configuration list for PBXProject "simple-live-streamer" */ = {
			isa = XCConfigurationList;
			buildConfigurations = (
				293540B5241408BE00BD082D /* Debug */,
				293540B6241408BE00BD082D /* Release */,
			);
			defaultConfigurationIsVisible = 0;
			defaultConfigurationName = Release;
		};
		293540B7241408BE00BD082D /* Build configuration list for PBXNativeTarget "simple-live-streamer" */ = {
			isa = XCConfigurationList;
			buildConfigurations = (
				293540B8241408BE00BD082D /* Debug */,
				293540B9241408BE00BD082D /* Release */,
			);
			defaultConfigurationIsVisible = 0;
			defaultConfigurationName = Release;
		};
/* End XCConfigurationList section */
	};
	rootObject = 293540A8241408BE00BD082D /* Project object */;
}
